{
    "_readme": [
        "This file locks the dependencies of your project to a known state",
        "Read more about it at https://getcomposer.org/doc/01-basic-usage.md#composer-lock-the-lock-file",
        "This file is @generated automatically"
    ],
    "hash": "d0bed690a28ab3e04dcc764ba3eed8a3",
    "content-hash": "d1e041333ac0da93eb81bd925f373a45",
    "packages": [
        {
            "name": "aura/installer-default",
            "version": "1.0.0",
            "source": {
                "type": "git",
                "url": "https://github.com/auraphp/installer-default.git",
                "reference": "52f8de3670cc1ef45a916f40f732937436d028c8"
            },
            "dist": {
                "type": "zip",
                "url": "https://api.github.com/repos/auraphp/installer-default/zipball/52f8de3670cc1ef45a916f40f732937436d028c8",
                "reference": "52f8de3670cc1ef45a916f40f732937436d028c8",
                "shasum": ""
            },
            "type": "composer-installer",
            "extra": {
                "class": "Aura\\Composer\\DefaultInstaller"
            },
            "autoload": {
                "psr-0": {
                    "Aura\\Composer\\": "src/"
                }
            },
            "notification-url": "https://packagist.org/downloads/",
            "license": [
                "BSD-2-Clause"
            ],
            "authors": [
                {
                    "name": "Paul M. Jones",
                    "email": "pmjones88@gmail.com",
                    "homepage": "http://paul-m-jones.com"
                }
            ],
            "description": "Installs Aura packages using the Composer defaults.",
            "keywords": [
                "aura",
                "installer"
            ],
            "time": "2012-11-26 21:35:57"
        },
        {
            "name": "aura/intl",
            "version": "1.1.1",
            "source": {
                "type": "git",
                "url": "https://github.com/auraphp/Aura.Intl.git",
                "reference": "c5fe620167550ad6fa77dd3570fba2efc77a2a21"
            },
            "dist": {
                "type": "zip",
                "url": "https://api.github.com/repos/auraphp/Aura.Intl/zipball/c5fe620167550ad6fa77dd3570fba2efc77a2a21",
                "reference": "c5fe620167550ad6fa77dd3570fba2efc77a2a21",
                "shasum": ""
            },
            "require": {
                "aura/installer-default": "1.0.*",
                "php": ">=5.4.0"
            },
            "type": "aura-package",
            "extra": {
                "aura": {
                    "type": "library",
                    "config": {
                        "common": "Aura\\Intl\\_Config\\Common"
                    }
                },
                "branch-alias": {
                    "dev-develop": "1.1.x-dev"
                }
            },
            "autoload": {
                "psr-0": {
                    "Aura\\Intl": "src/"
                },
                "psr-4": {
                    "Aura\\Intl\\_Config\\": "config/"
                }
            },
            "notification-url": "https://packagist.org/downloads/",
            "license": [
                "BSD-2-Clause"
            ],
            "authors": [
                {
                    "name": "Paul M. Jones",
                    "email": "pmjones88@gmail.com",
                    "homepage": "http://paul-m-jones.com"
                },
                {
                    "name": "Aura.Intl Contributors",
                    "homepage": "https://github.com/auraphp/Aura.Intl/contributors"
                },
                {
                    "name": "Pascal Borreli",
                    "email": "pascal@borreli.com"
                },
                {
                    "name": "Mapthegod",
                    "email": "mapthegod@gmail.com"
                },
                {
                    "name": "Jose Lorenzo Rodriguez",
                    "email": "jose.zap@gmail.com"
                }
            ],
            "description": "The Aura.Intl package provides internationalization (I18N) tools, specifically\npackage-oriented per-locale message translation.",
            "homepage": "http://auraphp.com/Aura.Intl",
            "keywords": [
                "g11n",
                "globalization",
                "i18n",
                "internationalization",
                "intl",
                "l10n",
                "localization"
            ],
            "time": "2014-08-24 00:00:00"
        },
        {
            "name": "cakephp/cakephp",
            "version": "3.3.13",
            "source": {
                "type": "git",
                "url": "https://github.com/cakephp/cakephp.git",
                "reference": "17e96e1669018668d97e67d36be938f445b5ec55"
            },
            "dist": {
                "type": "zip",
                "url": "https://api.github.com/repos/cakephp/cakephp/zipball/17e96e1669018668d97e67d36be938f445b5ec55",
                "reference": "17e96e1669018668d97e67d36be938f445b5ec55",
                "shasum": ""
            },
            "require": {
                "aura/intl": "1.1.*",
                "cakephp/chronos": "~1.0",
                "ext-intl": "*",
                "ext-mbstring": "*",
                "php": ">=5.5.9",
                "psr/log": "^1.0",
                "zendframework/zend-diactoros": "~1.0"
            },
            "replace": {
                "cakephp/cache": "self.version",
                "cakephp/collection": "self.version",
                "cakephp/core": "self.version",
                "cakephp/database": "self.version",
                "cakephp/datasource": "self.version",
                "cakephp/event": "self.version",
                "cakephp/filesystem": "self.version",
                "cakephp/form": "self.version",
                "cakephp/i18n": "self.version",
                "cakephp/log": "self.version",
                "cakephp/orm": "self.version",
                "cakephp/utility": "self.version",
                "cakephp/validation": "self.version"
            },
            "require-dev": {
                "cakephp/cakephp-codesniffer": "~2.1",
                "phpunit/phpunit": "*"
            },
            "suggest": {
                "ext-openssl": "To use Security::encrypt() or have secure CSRF token generation."
            },
            "type": "library",
            "autoload": {
                "psr-4": {
                    "Cake\\": "src"
                },
                "files": [
                    "src/Core/functions.php",
                    "src/Collection/functions.php",
                    "src/I18n/functions.php",
                    "src/Utility/bootstrap.php"
                ]
            },
            "notification-url": "https://packagist.org/downloads/",
            "license": [
                "MIT"
            ],
            "authors": [
                {
                    "name": "CakePHP Community",
                    "homepage": "https://github.com/cakephp/cakephp/graphs/contributors"
                }
            ],
            "description": "The CakePHP framework",
            "homepage": "http://cakephp.org",
            "keywords": [
                "framework"
            ],
            "time": "2017-01-29 03:15:39"
        },
        {
            "name": "cakephp/chronos",
            "version": "1.0.4",
            "source": {
                "type": "git",
                "url": "https://github.com/cakephp/chronos.git",
                "reference": "16753ad209f5b478dd35caadcd609104762fc157"
            },
            "dist": {
                "type": "zip",
                "url": "https://api.github.com/repos/cakephp/chronos/zipball/16753ad209f5b478dd35caadcd609104762fc157",
                "reference": "16753ad209f5b478dd35caadcd609104762fc157",
                "shasum": ""
            },
            "require": {
                "php": ">=5.5.9"
            },
            "require-dev": {
                "athletic/athletic": "~0.1",
                "cakephp/cakephp-codesniffer": "dev-master",
                "phpunit/phpunit": "*"
            },
            "type": "library",
            "autoload": {
                "psr-4": {
                    "Cake\\Chronos\\": "src"
                },
                "files": [
                    "src/carbon_compat.php"
                ]
            },
            "notification-url": "https://packagist.org/downloads/",
            "license": [
                "MIT"
            ],
            "authors": [
                {
                    "name": "Brian Nesbitt",
                    "email": "brian@nesbot.com",
                    "homepage": "http://nesbot.com"
                },
                {
                    "name": "The CakePHP Team",
                    "homepage": "http://cakephp.org"
                }
            ],
            "description": "A simple API extension for DateTime.",
            "homepage": "http://cakephp.org",
            "keywords": [
                "date",
                "datetime",
                "time"
            ],
            "time": "2017-01-09 02:11:45"
        },
        {
            "name": "friendsofcake/cakephp-csvview",
            "version": "3.2.1",
            "source": {
                "type": "git",
                "url": "https://github.com/FriendsOfCake/cakephp-csvview.git",
                "reference": "f36684fad38a6c274d7e552692c700710e5e8c2c"
            },
            "dist": {
                "type": "zip",
                "url": "https://api.github.com/repos/FriendsOfCake/cakephp-csvview/zipball/f36684fad38a6c274d7e552692c700710e5e8c2c",
                "reference": "f36684fad38a6c274d7e552692c700710e5e8c2c",
                "shasum": ""
            },
            "require": {
                "cakephp/cakephp": "~3.0",
                "php": ">=5.4.16"
            },
            "type": "cakephp-plugin",
            "autoload": {
                "psr-4": {
                    "CsvView\\": "src"
                }
            },
            "notification-url": "https://packagist.org/downloads/",
            "license": [
                "MIT"
            ],
            "authors": [
                {
                    "name": "ADmad",
                    "homepage": "https://github.com/admad",
                    "role": "Contributor"
                },
                {
                    "name": "Mark Scherer",
                    "homepage": "https://github.com/dereuromark",
                    "role": "Contributor"
                },
                {
                    "name": "Joshua Paling",
                    "homepage": "https://github.com/joshuapaling",
                    "role": "Contributor"
                },
                {
                    "name": "Gaurish Sharma",
                    "homepage": "https://github.com/gaurish",
                    "role": "Contributor"
                },
                {
                    "name": "Gregory Gaskill",
                    "homepage": "https://github.com/chronon",
                    "role": "Contributor"
                },
                {
                    "name": "Jose Diaz-Gonzalez",
                    "email": "email@josediazgonzalez.com",
                    "homepage": "http://josediazgonzalez.com",
                    "role": "Maintainer"
                }
            ],
            "description": "A CSV View class for CakePHP 3.x",
            "homepage": "http://github.com/friendsofcake/cakephp-csvview",
            "keywords": [
                "cakephp",
                "csv",
                "export",
                "view"
            ],
            "time": "2016-11-07 09:30:57"
        },
        {
            "name": "psr/http-message",
            "version": "1.0.1",
            "source": {
                "type": "git",
                "url": "https://github.com/php-fig/http-message.git",
                "reference": "f6561bf28d520154e4b0ec72be95418abe6d9363"
            },
            "dist": {
                "type": "zip",
                "url": "https://api.github.com/repos/php-fig/http-message/zipball/f6561bf28d520154e4b0ec72be95418abe6d9363",
                "reference": "f6561bf28d520154e4b0ec72be95418abe6d9363",
                "shasum": ""
            },
            "require": {
                "php": ">=5.3.0"
            },
            "type": "library",
            "extra": {
                "branch-alias": {
                    "dev-master": "1.0.x-dev"
                }
            },
            "autoload": {
                "psr-4": {
                    "Psr\\Http\\Message\\": "src/"
                }
            },
            "notification-url": "https://packagist.org/downloads/",
            "license": [
                "MIT"
            ],
            "authors": [
                {
                    "name": "PHP-FIG",
                    "homepage": "http://www.php-fig.org/"
                }
            ],
            "description": "Common interface for HTTP messages",
            "homepage": "https://github.com/php-fig/http-message",
            "keywords": [
                "http",
                "http-message",
                "psr",
                "psr-7",
                "request",
                "response"
            ],
            "time": "2016-08-06 14:39:51"
        },
        {
            "name": "psr/log",
            "version": "1.0.2",
            "source": {
                "type": "git",
                "url": "https://github.com/php-fig/log.git",
                "reference": "4ebe3a8bf773a19edfe0a84b6585ba3d401b724d"
            },
            "dist": {
                "type": "zip",
                "url": "https://api.github.com/repos/php-fig/log/zipball/4ebe3a8bf773a19edfe0a84b6585ba3d401b724d",
                "reference": "4ebe3a8bf773a19edfe0a84b6585ba3d401b724d",
                "shasum": ""
            },
            "require": {
                "php": ">=5.3.0"
            },
            "type": "library",
            "extra": {
                "branch-alias": {
                    "dev-master": "1.0.x-dev"
                }
            },
            "autoload": {
                "psr-4": {
                    "Psr\\Log\\": "Psr/Log/"
                }
            },
            "notification-url": "https://packagist.org/downloads/",
            "license": [
                "MIT"
            ],
            "authors": [
                {
                    "name": "PHP-FIG",
                    "homepage": "http://www.php-fig.org/"
                }
            ],
            "description": "Common interface for logging libraries",
            "homepage": "https://github.com/php-fig/log",
            "keywords": [
                "log",
                "psr",
                "psr-3"
            ],
            "time": "2016-10-10 12:19:37"
        },
        {
            "name": "zendframework/zend-diactoros",
            "version": "1.3.10",
            "source": {
                "type": "git",
                "url": "https://github.com/zendframework/zend-diactoros.git",
                "reference": "83e8d98b9915de76c659ce27d683c02a0f99fa90"
            },
            "dist": {
                "type": "zip",
                "url": "https://api.github.com/repos/zendframework/zend-diactoros/zipball/83e8d98b9915de76c659ce27d683c02a0f99fa90",
                "reference": "83e8d98b9915de76c659ce27d683c02a0f99fa90",
                "shasum": ""
            },
            "require": {
                "php": "^5.4 || ^7.0",
                "psr/http-message": "~1.0"
            },
            "provide": {
                "psr/http-message-implementation": "~1.0.0"
            },
            "require-dev": {
                "phpunit/phpunit": "^4.6 || ^5.5",
                "zendframework/zend-coding-standard": "~1.0.0"
            },
            "type": "library",
            "extra": {
                "branch-alias": {
                    "dev-master": "1.3-dev",
                    "dev-develop": "1.4-dev"
                }
            },
            "autoload": {
                "psr-4": {
                    "Zend\\Diactoros\\": "src/"
                }
            },
            "notification-url": "https://packagist.org/downloads/",
            "license": [
                "BSD-2-Clause"
            ],
            "description": "PSR HTTP Message implementations",
            "homepage": "https://github.com/zendframework/zend-diactoros",
            "keywords": [
                "http",
                "psr",
                "psr-7"
            ],
            "time": "2017-01-23 04:53:24"
        }
    ],
    "packages-dev": [],
    "aliases": [],
    "minimum-stability": "stable",
    "stability-flags": [],
    "prefer-stable": false,
    "prefer-lowest": false,
    "platform": [],
    "platform-dev": []
}
